github.com/eatmoreapple/openwechat v1.4.1 h1:hIVEr2Xaj+r1SXzdTigqhIXiuu6TZd+NPWdEVVt/qeM=
github.com/eatmoreapple/openwechat v1.4.1/go.mod h1:ZxMcq7IpVWVU9JG7ERjExnm5M8/AQ6yZTtX30K3rwRQ=
github.com/sashabaranov/go-openai v1.5.6 h1:i/DI9y1kzlPqKA0KeTYezJJSy01sqpOdUIm2BV7vgtA=
github.com/sashabaranov/go-openai v1.5.6/go.mod h1:lj5b/K+zjTSFxVLijLSTDZuP7adOgerWeFyZLUhAKRg=
